// !$*UTF8*$!
{
	archiveVersion = 1;
	classes = {
	};
	objectVersion = 56;
	objects = {

/* Begin PBXBuildFile section */
		530FB49A2A7E914400F0F0B7 /* landmarkData.json in Resources */ = {isa = PBXBuildFile; fileRef = 530FB4992A7E914400F0F0B7 /* landmarkData.json */; };
		530FB49C2A7E91D700F0F0B7 /* Landmark.swift in Sources */ = {isa = PBXBuildFile; fileRef = 530FB49B2A7E91D700F0F0B7 /* Landmark.swift */; };
		5330241A2A7F3671007A60FE /* ModelData.swift in Sources */ = {isa = PBXBuildFile; fileRef = 533024192A7F3671007A60FE /* ModelData.swift */; };
		5330241F2A7F3C0E007A60FE /* LandmarkRow.swift in Sources */ = {isa = PBXBuildFile; fileRef = 5330241E2A7F3C0E007A60FE /* LandmarkRow.swift */; };
		533024222A7F40BF007A60FE /* LandmarkList.swift in Sources */ = {isa = PBXBuildFile; fileRef = 533024212A7F40BF007A60FE /* LandmarkList.swift */; };
		533024242A7F4421007A60FE /* LandmarkDetail.swift in Sources */ = {isa = PBXBuildFile; fileRef = 533024232A7F4421007A60FE /* LandmarkDetail.swift */; };
		5343998E2A7DEFAC00BAD261 /* CircleImage.swift in Sources */ = {isa = PBXBuildFile; fileRef = 5343998D2A7DEFAC00BAD261 /* CircleImage.swift */; };
		534399902A7DF11600BAD261 /* MapView.swift in Sources */ = {isa = PBXBuildFile; fileRef = 5343998F2A7DF11600BAD261 /* MapView.swift */; };
		53DEC1812A7D347800CE2D13 /* LandmarkApp.swift in Sources */ = {isa = PBXBuildFile; fileRef = 53DEC1802A7D347800CE2D13 /* LandmarkApp.swift */; };
		53DEC1832A7D347800CE2D13 /* ContentView.swift in Sources */ = {isa = PBXBuildFile; fileRef = 53DEC1822A7D347800CE2D13 /* ContentView.swift */; };
		53DEC1852A7D347A00CE2D13 /* Assets.xcassets in Resources */ = {isa = PBXBuildFile; fileRef = 53DEC1842A7D347A00CE2D13 /* Assets.xcassets */; };
		53DEC1882A7D347A00CE2D13 /* Preview Assets.xcassets in Resources */ = {isa = PBXBuildFile; fileRef = 53DEC1872A7D347A00CE2D13 /* Preview Assets.xcassets */; };
		53DEC1922A7D347A00CE2D13 /* LandmarkTests.swift in Sources */ = {isa = PBXBuildFile; fileRef = 53DEC1912A7D347A00CE2D13 /* LandmarkTests.swift */; };
		53DEC19C2A7D347A00CE2D13 /* LandmarkUITests.swift in Sources */ = {isa = PBXBuildFile; fileRef = 53DEC19B2A7D347A00CE2D13 /* LandmarkUITests.swift */; };
		53DEC19E2A7D347A00CE2D13 /* LandmarkUITestsLaunchTests.swift in Sources */ = {isa = PBXBuildFile; fileRef = 53DEC19D2A7D347A00CE2D13 /* LandmarkUITestsLaunchTests.swift */; };
/* End PBXBuildFile section */

/* Begin PBXContainerItemProxy section */
		53DEC18E2A7D347A00CE2D13 /* PBXContainerItemProxy */ = {
			isa = PBXContainerItemProxy;
			containerPortal = 53DEC1752A7D347800CE2D13 /* Project object */;
			proxyType = 1;
			remoteGlobalIDString = 53DEC17C2A7D347800CE2D13;
			remoteInfo = Landmark;
		};
		53DEC1982A7D347A00CE2D13 /* PBXContainerItemProxy */ = {
			isa = PBXContainerItemProxy;
			containerPortal = 53DEC1752A7D347800CE2D13 /* Project object */;
			proxyType = 1;
			remoteGlobalIDString = 53DEC17C2A7D347800CE2D13;
			remoteInfo = Landmark;
		};
/* End PBXContainerItemProxy section */

/* Begin PBXFileReference section */
		530FB4992A7E914400F0F0B7 /* landmarkData.json */ = {isa = PBXFileReference; fileEncoding = 4; lastKnownFileType = text.json; path = landmarkData.json; sourceTree = "<group>"; };
		530FB49B2A7E91D700F0F0B7 /* Landmark.swift */ = {isa = PBXFileReference; lastKnownFileType = sourcecode.swift; path = Landmark.swift; sourceTree = "<group>"; };
		533024192A7F3671007A60FE /* ModelData.swift */ = {isa = PBXFileReference; lastKnownFileType = sourcecode.swift; path = ModelData.swift; sourceTree = "<group>"; };
		5330241E2A7F3C0E007A60FE /* LandmarkRow.swift */ = {isa = PBXFileReference; lastKnownFileType = sourcecode.swift; path = LandmarkRow.swift; sourceTree = "<group>"; };
		533024212A7F40BF007A60FE /* LandmarkList.swift */ = {isa = PBXFileReference; lastKnownFileType = sourcecode.swift; path = LandmarkList.swift; sourceTree = "<group>"; };
		533024232A7F4421007A60FE /* LandmarkDetail.swift */ = {isa = PBXFileReference; lastKnownFileType = sourcecode.swift; path = LandmarkDetail.swift; sourceTree = "<group>"; };
		5343998D2A7DEFAC00BAD261 /* CircleImage.swift */ = {isa = PBXFileReference; lastKnownFileType = sourcecode.swift; path = CircleImage.swift; sourceTree = "<group>"; };
		5343998F2A7DF11600BAD261 /* MapView.swift */ = {isa = PBXFileReference; lastKnownFileType = sourcecode.swift; path = MapView.swift; sourceTree = "<group>"; };
		53DEC17D2A7D347800CE2D13 /* Landmark.app */ = {isa = PBXFileReference; explicitFileType = wrapper.application; includeInIndex = 0; path = Landmark.app; sourceTree = BUILT_PRODUCTS_DIR; };
		53DEC1802A7D347800CE2D13 /* LandmarkApp.swift */ = {isa = PBXFileReference; lastKnownFileType = sourcecode.swift; path = LandmarkApp.swift; sourceTree = "<group>"; };
		53DEC1822A7D347800CE2D13 /* ContentView.swift */ = {isa = PBXFileReference; lastKnownFileType = sourcecode.swift; path = ContentView.swift; sourceTree = "<group>"; };
		53DEC1842A7D347A00CE2D13 /* Assets.xcassets */ = {isa = PBXFileReference; lastKnownFileType = folder.assetcatalog; path = Assets.xcassets; sourceTree = "<group>"; };
		53DEC1872A7D347A00CE2D13 /* Preview Assets.xcassets */ = {isa = PBXFileReference; lastKnownFileType = folder.assetcatalog; path = "Preview Assets.xcassets"; sourceTree = "<group>"; };
		53DEC18D2A7D347A00CE2D13 /* LandmarkTests.xctest */ = {isa = PBXFileReference; explicitFileType = wrapper.cfbundle; includeInIndex = 0; path = LandmarkTests.xctest; sourceTree = BUILT_PRODUCTS_DIR; };
		53DEC1912A7D347A00CE2D13 /* LandmarkTests.swift */ = {isa = PBXFileReference; lastKnownFileType = sourcecode.swift; path = LandmarkTests.swift; sourceTree = "<group>"; };
		53DEC1972A7D347A00CE2D13 /* LandmarkUITests.xctest */ = {isa = PBXFileReference; explicitFileType = wrapper.cfbundle; includeInIndex = 0; path = LandmarkUITests.xctest; sourceTree = BUILT_PRODUCTS_DIR; };
		53DEC19B2A7D347A00CE2D13 /* LandmarkUITests.swift */ = {isa = PBXFileReference; lastKnownFileType = sourcecode.swift; path = LandmarkUITests.swift; sourceTree = "<group>"; };
		53DEC19D2A7D347A00CE2D13 /* LandmarkUITestsLaunchTests.swift */ = {isa = PBXFileReference; lastKnownFileType = sourcecode.swift; path = LandmarkUITestsLaunchTests.swift; sourceTree = "<group>"; };
/* End PBXFileReference section */

/* Begin PBXFrameworksBuildPhase section */
		53DEC17A2A7D347800CE2D13 /* Frameworks */ = {
			isa = PBXFrameworksBuildPhase;
			buildActionMask = 2147483647;
			files = (
			);
			runOnlyForDeploymentPostprocessing = 0;
		};
		53DEC18A2A7D347A00CE2D13 /* Frameworks */ = {
			isa = PBXFrameworksBuildPhase;
			buildActionMask = 2147483647;
			files = (
			);
			runOnlyForDeploymentPostprocessing = 0;
		};
		53DEC1942A7D347A00CE2D13 /* Frameworks */ = {
			isa = PBXFrameworksBuildPhase;
			buildActionMask = 2147483647;
			files = (
			);
			runOnlyForDeploymentPostprocessing = 0;
		};
/* End PBXFrameworksBuildPhase section */

/* Begin PBXGroup section */
		5330241B2A7F36E6007A60FE /* Model */ = {
			isa = PBXGroup;
			children = (
				530FB49B2A7E91D700F0F0B7 /* Landmark.swift */,
				533024192A7F3671007A60FE /* ModelData.swift */,
			);
			path = Model;
			sourceTree = "<group>";
		};
		5330241C2A7F371B007A60FE /* View */ = {
			isa = PBXGroup;
			children = (
				53DEC1822A7D347800CE2D13 /* ContentView.swift */,
				5343998F2A7DF11600BAD261 /* MapView.swift */,
				5343998D2A7DEFAC00BAD261 /* CircleImage.swift */,
				5330241E2A7F3C0E007A60FE /* LandmarkRow.swift */,
				533024212A7F40BF007A60FE /* LandmarkList.swift */,
				533024232A7F4421007A60FE /* LandmarkDetail.swift */,
			);
			path = View;
			sourceTree = "<group>";
		};
		5330241D2A7F3739007A60FE /* Resources */ = {
			isa = PBXGroup;
			children = (
				530FB4992A7E914400F0F0B7 /* landmarkData.json */,
			);
			path = Resources;
			sourceTree = "<group>";
		};
		53DEC1742A7D347800CE2D13 = {
			isa = PBXGroup;
			children = (
				53DEC17F2A7D347800CE2D13 /* Landmark */,
				53DEC1902A7D347A00CE2D13 /* LandmarkTests */,
				53DEC19A2A7D347A00CE2D13 /* LandmarkUITests */,
				53DEC17E2A7D347800CE2D13 /* Products */,
			);
			sourceTree = "<group>";
		};
		53DEC17E2A7D347800CE2D13 /* Products */ = {
			isa = PBXGroup;
			children = (
				53DEC17D2A7D347800CE2D13 /* Landmark.app */,
				53DEC18D2A7D347A00CE2D13 /* LandmarkTests.xctest */,
				53DEC1972A7D347A00CE2D13 /* LandmarkUITests.xctest */,
			);
			name = Products;
			sourceTree = "<group>";
		};
		53DEC17F2A7D347800CE2D13 /* Landmark */ = {
			isa = PBXGroup;
			children = (
				5330241D2A7F3739007A60FE /* Resources */,
				5330241C2A7F371B007A60FE /* View */,
				5330241B2A7F36E6007A60FE /* Model */,
				53DEC1802A7D347800CE2D13 /* LandmarkApp.swift */,
				53DEC1842A7D347A00CE2D13 /* Assets.xcassets */,
				53DEC1862A7D347A00CE2D13 /* Preview Content */,
			);
			path = Landmark;
			sourceTree = "<group>";
		};
		53DEC1862A7D347A00CE2D13 /* Preview Content */ = {
			isa = PBXGroup;
			children = (
				53DEC1872A7D347A00CE2D13 /* Preview Assets.xcassets */,
			);
			path = "Preview Content";
			sourceTree = "<group>";
		};
		53DEC1902A7D347A00CE2D13 /* LandmarkTests */ = {
			isa = PBXGroup;
			children = (
				53DEC1912A7D347A00CE2D13 /* LandmarkTests.swift */,
			);
			path = LandmarkTests;
			sourceTree = "<group>";
		};
		53DEC19A2A7D347A00CE2D13 /* LandmarkUITests */ = {
			isa = PBXGroup;
			children = (
				53DEC19B2A7D347A00CE2D13 /* LandmarkUITests.swift */,
				53DEC19D2A7D347A00CE2D13 /* LandmarkUITestsLaunchTests.swift */,
			);
			path = LandmarkUITests;
			sourceTree = "<group>";
		};
/* End PBXGroup section */

/* Begin PBXNativeTarget section */
		53DEC17C2A7D347800CE2D13 /* Landmark */ = {
			isa = PBXNativeTarget;
			buildConfigurationList = 53DEC1A12A7D347A00CE2D13 /* Build configuration list for PBXNativeTarget "Landmark" */;
			buildPhases = (
				53DEC1792A7D347800CE2D13 /* Sources */,
				53DEC17A2A7D347800CE2D13 /* Frameworks */,
				53DEC17B2A7D347800CE2D13 /* Resources */,
			);
			buildRules = (
			);
			dependencies = (
			);
			name = Landmark;
			productName = Landmark;
			productReference = 53DEC17D2A7D347800CE2D13 /* Landmark.app */;
			productType = "com.apple.product-type.application";
		};
		53DEC18C2A7D347A00CE2D13 /* LandmarkTests */ = {
			isa = PBXNativeTarget;
			buildConfigurationList = 53DEC1A42A7D347A00CE2D13 /* Build configuration list for PBXNativeTarget "LandmarkTests" */;
			buildPhases = (
				53DEC1892A7D347A00CE2D13 /* Sources */,
				53DEC18A2A7D347A00CE2D13 /* Frameworks */,
				53DEC18B2A7D347A00CE2D13 /* Resources */,
			);
			buildRules = (
			);
			dependencies = (
				53DEC18F2A7D347A00CE2D13 /* PBXTargetDependency */,
			);
			name = LandmarkTests;
			productName = LandmarkTests;
			productReference = 53DEC18D2A7D347A00CE2D13 /* LandmarkTests.xctest */;
			productType = "com.apple.product-type.bundle.unit-test";
		};
		53DEC1962A7D347A00CE2D13 /* LandmarkUITests */ = {
			isa = PBXNativeTarget;
			buildConfigurationList = 53DEC1A72A7D347A00CE2D13 /* Build configuration list for PBXNativeTarget "LandmarkUITests" */;
			buildPhases = (
				53DEC1932A7D347A00CE2D13 /* Sources */,
				53DEC1942A7D347A00CE2D13 /* Frameworks */,
				53DEC1952A7D347A00CE2D13 /* Resources */,
			);
			buildRules = (
			);
			dependencies = (
				53DEC1992A7D347A00CE2D13 /* PBXTargetDependency */,
			);
			name = LandmarkUITests;
			productName = LandmarkUITests;
			productReference = 53DEC1972A7D347A00CE2D13 /* LandmarkUITests.xctest */;
			productType = "com.apple.product-type.bundle.ui-testing";
		};
/* End PBXNativeTarget section */

/* Begin PBXProject section */
		53DEC1752A7D347800CE2D13 /* Project object */ = {
			isa = PBXProject;
			attributes = {
				BuildIndependentTargetsInParallel = 1;
				LastSwiftUpdateCheck = 1420;
				LastUpgradeCheck = 1420;
				TargetAttributes = {
					53DEC17C2A7D347800CE2D13 = {
						CreatedOnToolsVersion = 14.2;
					};
					53DEC18C2A7D347A00CE2D13 = {
						CreatedOnToolsVersion = 14.2;
						TestTargetID = 53DEC17C2A7D347800CE2D13;
					};
					53DEC1962A7D347A00CE2D13 = {
						CreatedOnToolsVersion = 14.2;
						TestTargetID = 53DEC17C2A7D347800CE2D13;
					};
				};
			};
			buildConfigurationList = 53DEC1782A7D347800CE2D13 /* Build configuration list for PBXProject "Landmark" */;
			compatibilityVersion = "Xcode 14.0";
			developmentRegion = en;
			hasScannedForEncodings = 0;
			knownRegions = (
				en,
				Base,
			);
			mainGroup = 53DEC1742A7D347800CE2D13;
			productRefGroup = 53DEC17E2A7D347800CE2D13 /* Products */;
			projectDirPath = "";
			projectRoot = "";
			targets = (
				53DEC17C2A7D347800CE2D13 /* Landmark */,
				53DEC18C2A7D347A00CE2D13 /* LandmarkTests */,
				53DEC1962A7D347A00CE2D13 /* LandmarkUITests */,
			);
		};
/* End PBXProject section */

/* Begin PBXResourcesBuildPhase section */
		53DEC17B2A7D347800CE2D13 /* Resources */ = {
			isa = PBXResourcesBuildPhase;
			buildActionMask = 2147483647;
			files = (
				53DEC1882A7D347A00CE2D13 /* Preview Assets.xcassets in Resources */,
				53DEC1852A7D347A00CE2D13 /* Assets.xcassets in Resources */,
				530FB49A2A7E914400F0F0B7 /* landmarkData.json in Resources */,
			);
			runOnlyForDeploymentPostprocessing = 0;
		};
		53DEC18B2A7D347A00CE2D13 /* Resources */ = {
			isa = PBXResourcesBuildPhase;
			buildActionMask = 2147483647;
			files = (
			);
			runOnlyForDeploymentPostprocessing = 0;
		};
		53DEC1952A7D347A00CE2D13 /* Resources */ = {
			isa = PBXResourcesBuildPhase;
			buildActionMask = 2147483647;
			files = (
			);
			runOnlyForDeploymentPostprocessing = 0;
		};
/* End PBXResourcesBuildPhase section */

/* Begin PBXSourcesBuildPhase section */
		53DEC1792A7D347800CE2D13 /* Sources */ = {
			isa = PBXSourcesBuildPhase;
			buildActionMask = 2147483647;
			files = (
				53DEC1832A7D347800CE2D13 /* ContentView.swift in Sources */,
				534399902A7DF11600BAD261 /* MapView.swift in Sources */,
				53DEC1812A7D347800CE2D13 /* LandmarkApp.swift in Sources */,
				533024222A7F40BF007A60FE /* LandmarkList.swift in Sources */,
				533024242A7F4421007A60FE /* LandmarkDetail.swift in Sources */,
				5343998E2A7DEFAC00BAD261 /* CircleImage.swift in Sources */,
				530FB49C2A7E91D700F0F0B7 /* Landmark.swift in Sources */,
				5330241F2A7F3C0E007A60FE /* LandmarkRow.swift in Sources */,
				5330241A2A7F3671007A60FE /* ModelData.swift in Sources */,
			);
			runOnlyForDeploymentPostprocessing = 0;
		};
		53DEC1892A7D347A00CE2D13 /* Sources */ = {
			isa = PBXSourcesBuildPhase;
			buildActionMask = 2147483647;
			files = (
				53DEC1922A7D347A00CE2D13 /* LandmarkTests.swift in Sources */,
			);
			runOnlyForDeploymentPostprocessing = 0;
		};
		53DEC1932A7D347A00CE2D13 /* Sources */ = {
			isa = PBXSourcesBuildPhase;
			buildActionMask = 2147483647;
			files = (
				53DEC19E2A7D347A00CE2D13 /* LandmarkUITestsLaunchTests.swift in Sources */,
				53DEC19C2A7D347A00CE2D13 /* LandmarkUITests.swift in Sources */,
			);
			runOnlyForDeploymentPostprocessing = 0;
		};
/* End PBXSourcesBuildPhase section */

/* Begin PBXTargetDependency section */
		53DEC18F2A7D347A00CE2D13 /* PBXTargetDependency */ = {
			isa = PBXTargetDependency;
			target = 53DEC17C2A7D347800CE2D13 /* Landmark */;
			targetProxy = 53DEC18E2A7D347A00CE2D13 /* PBXContainerItemProxy */;
		};
		53DEC1992A7D347A00CE2D13 /* PBXTargetDependency */ = {
			isa = PBXTargetDependency;
			target = 53DEC17C2A7D347800CE2D13 /* Landmark */;
			targetProxy = 53DEC1982A7D347A00CE2D13 /* PBXContainerItemProxy */;
		};
/* End PBXTargetDependency section */

/* Begin XCBuildConfiguration section */
		53DEC19F2A7D347A00CE2D13 /* Debug */ = {
			isa = XCBuildConfiguration;
			buildSettings = {
				ALWAYS_SEARCH_USER_PATHS = NO;
				CLANG_ANALYZER_NONNULL = YES;
				CLANG_ANALYZER_NUMBER_OBJECT_CONVERSION = YES_AGGRESSIVE;
				CLANG_CXX_LANGUAGE_STANDARD = "gnu++20";
				CLANG_ENABLE_MODULES = YES;
				CLANG_ENABLE_OBJC_ARC = YES;
				CLANG_ENABLE_OBJC_WEAK = YES;
				CLANG_WARN_BLOCK_CAPTURE_AUTORELEASING = YES;
				CLANG_WARN_BOOL_CONVERSION = YES;
				CLANG_WARN_COMMA = YES;
				CLANG_WARN_CONSTANT_CONVERSION = YES;
				CLANG_WARN_DEPRECATED_OBJC_IMPLEMENTATIONS = YES;
				CLANG_WARN_DIRECT_OBJC_ISA_USAGE = YES_ERROR;
				CLANG_WARN_DOCUMENTATION_COMMENTS = YES;
				CLANG_WARN_EMPTY_BODY = YES;
				CLANG_WARN_ENUM_CONVERSION = YES;
				CLANG_WARN_INFINITE_RECURSION = YES;
				CLANG_WARN_INT_CONVERSION = YES;
				CLANG_WARN_NON_LITERAL_NULL_CONVERSION = YES;
				CLANG_WARN_OBJC_IMPLICIT_RETAIN_SELF = YES;
				CLANG_WARN_OBJC_LITERAL_CONVERSION = YES;
				CLANG_WARN_OBJC_ROOT_CLASS = YES_ERROR;
				CLANG_WARN_QUOTED_INCLUDE_IN_FRAMEWORK_HEADER = YES;
				CLANG_WARN_RANGE_LOOP_ANALYSIS = YES;
				CLANG_WARN_STRICT_PROTOTYPES = YES;
				CLANG_WARN_SUSPICIOUS_MOVE = YES;
				CLANG_WARN_UNGUARDED_AVAILABILITY = YES_AGGRESSIVE;
				CLANG_WARN_UNREACHABLE_CODE = YES;
				CLANG_WARN__DUPLICATE_METHOD_MATCH = YES;
				COPY_PHASE_STRIP = NO;
				DEBUG_INFORMATION_FORMAT = dwarf;
				ENABLE_STRICT_OBJC_MSGSEND = YES;
				ENABLE_TESTABILITY = YES;
				GCC_C_LANGUAGE_STANDARD = gnu11;
				GCC_DYNAMIC_NO_PIC = NO;
				GCC_NO_COMMON_BLOCKS = YES;
				GCC_OPTIMIZATION_LEVEL = 0;
				GCC_PREPROCESSOR_DEFINITIONS = (
					"DEBUG=1",
					"$(inherited)",
				);
				GCC_WARN_64_TO_32_BIT_CONVERSION = YES;
				GCC_WARN_ABOUT_RETURN_TYPE = YES_ERROR;
				GCC_WARN_UNDECLARED_SELECTOR = YES;
				GCC_WARN_UNINITIALIZED_AUTOS = YES_AGGRESSIVE;
				GCC_WARN_UNUSED_FUNCTION = YES;
				GCC_WARN_UNUSED_VARIABLE = YES;
				IPHONEOS_DEPLOYMENT_TARGET = 16.2;
				MTL_ENABLE_DEBUG_INFO = INCLUDE_SOURCE;
				MTL_FAST_MATH = YES;
				ONLY_ACTIVE_ARCH = YES;
				SDKROOT = iphoneos;
				SWIFT_ACTIVE_COMPILATION_CONDITIONS = DEBUG;
				SWIFT_OPTIMIZATION_LEVEL = "-Onone";
			};
			name = Debug;
		};
		53DEC1A02A7D347A00CE2D13 /* Release */ = {
			isa = XCBuildConfiguration;
			buildSettings = {
				ALWAYS_SEARCH_USER_PATHS = NO;
				CLANG_ANALYZER_NONNULL = YES;
				CLANG_ANALYZER_NUMBER_OBJECT_CONVERSION = YES_AGGRESSIVE;
				CLANG_CXX_LANGUAGE_STANDARD = "gnu++20";
				CLANG_ENABLE_MODULES = YES;
				CLANG_ENABLE_OBJC_ARC = YES;
				CLANG_ENABLE_OBJC_WEAK = YES;
				CLANG_WARN_BLOCK_CAPTURE_AUTORELEASING = YES;
				CLANG_WARN_BOOL_CONVERSION = YES;
				CLANG_WARN_COMMA = YES;
				CLANG_WARN_CONSTANT_CONVERSION = YES;
				CLANG_WARN_DEPRECATED_OBJC_IMPLEMENTATIONS = YES;
				CLANG_WARN_DIRECT_OBJC_ISA_USAGE = YES_ERROR;
				CLANG_WARN_DOCUMENTATION_COMMENTS = YES;
				CLANG_WARN_EMPTY_BODY = YES;
				CLANG_WARN_ENUM_CONVERSION = YES;
				CLANG_WARN_INFINITE_RECURSION = YES;
				CLANG_WARN_INT_CONVERSION = YES;
				CLANG_WARN_NON_LITERAL_NULL_CONVERSION = YES;
				CLANG_WARN_OBJC_IMPLICIT_RETAIN_SELF = YES;
				CLANG_WARN_OBJC_LITERAL_CONVERSION = YES;
				CLANG_WARN_OBJC_ROOT_CLASS = YES_ERROR;
				CLANG_WARN_QUOTED_INCLUDE_IN_FRAMEWORK_HEADER = YES;
				CLANG_WARN_RANGE_LOOP_ANALYSIS = YES;
				CLANG_WARN_STRICT_PROTOTYPES = YES;
				CLANG_WARN_SUSPICIOUS_MOVE = YES;
				CLANG_WARN_UNGUARDED_AVAILABILITY = YES_AGGRESSIVE;
				CLANG_WARN_UNREACHABLE_CODE = YES;
				CLANG_WARN__DUPLICATE_METHOD_MATCH = YES;
				COPY_PHASE_STRIP = NO;
				DEBUG_INFORMATION_FORMAT = "dwarf-with-dsym";
				ENABLE_NS_ASSERTIONS = NO;
				ENABLE_STRICT_OBJC_MSGSEND = YES;
				GCC_C_LANGUAGE_STANDARD = gnu11;
				GCC_NO_COMMON_BLOCKS = YES;
				GCC_WARN_64_TO_32_BIT_CONVERSION = YES;
				GCC_WARN_ABOUT_RETURN_TYPE = YES_ERROR;
				GCC_WARN_UNDECLARED_SELECTOR = YES;
				GCC_WARN_UNINITIALIZED_AUTOS = YES_AGGRESSIVE;
				GCC_WARN_UNUSED_FUNCTION = YES;
				GCC_WARN_UNUSED_VARIABLE = YES;
				IPHONEOS_DEPLOYMENT_TARGET = 16.2;
				MTL_ENABLE_DEBUG_INFO = NO;
				MTL_FAST_MATH = YES;
				SDKROOT = iphoneos;
				SWIFT_COMPILATION_MODE = wholemodule;
				SWIFT_OPTIMIZATION_LEVEL = "-O";
				VALIDATE_PRODUCT = YES;
			};
			name = Release;
		};
		53DEC1A22A7D347A00CE2D13 /* Debug */ = {
			isa = XCBuildConfiguration;
			buildSettings = {
				ASSETCATALOG_COMPILER_APPICON_NAME = AppIcon;
				ASSETCATALOG_COMPILER_GLOBAL_ACCENT_COLOR_NAME = AccentColor;
				CODE_SIGN_STYLE = Automatic;
				CURRENT_PROJECT_VERSION = 1;
				DEVELOPMENT_ASSET_PATHS = "\"Landmark/Preview Content\"";
				ENABLE_PREVIEWS = YES;
				GENERATE_INFOPLIST_FILE = YES;
				INFOPLIST_KEY_UIApplicationSceneManifest_Generation = YES;
				INFOPLIST_KEY_UIApplicationSupportsIndirectInputEvents = YES;
				INFOPLIST_KEY_UILaunchScreen_Generation = YES;
				INFOPLIST_KEY_UISupportedInterfaceOrientations_iPad = "UIInterfaceOrientationPortrait UIInterfaceOrientationPortraitUpsideDown UIInterfaceOrientationLandscapeLeft UIInterfaceOrientationLandscapeRight";
				INFOPLIST_KEY_UISupportedInterfaceOrientations_iPhone = "UIInterfaceOrientationPortrait UIInterfaceOrientationLandscapeLeft UIInterfaceOrientationLandscapeRight";
				LD_RUNPATH_SEARCH_PATHS = (
					"$(inherited)",
					"@executable_path/Frameworks",
				);
				MARKETING_VERSION = 1.0;
				PRODUCT_BUNDLE_IDENTIFIER = coba.Landmark;
				PRODUCT_NAME = "$(TARGET_NAME)";
				SWIFT_EMIT_LOC_STRINGS = YES;
				SWIFT_VERSION = 5.0;
				TARGETED_DEVICE_FAMILY = "1,2";
			};
			name = Debug;
		};
		53DEC1A32A7D347A00CE2D13 /* Release */ = {
			isa = XCBuildConfiguration;
			buildSettings = {
				ASSETCATALOG_COMPILER_APPICON_NAME = AppIcon;
				ASSETCATALOG_COMPILER_GLOBAL_ACCENT_COLOR_NAME = AccentColor;
				CODE_SIGN_STYLE = Automatic;
				CURRENT_PROJECT_VERSION = 1;
				DEVELOPMENT_ASSET_PATHS = "\"Landmark/Preview Content\"";
				ENABLE_PREVIEWS = YES;
				GENERATE_INFOPLIST_FILE = YES;
				INFOPLIST_KEY_UIApplicationSceneManifest_Generation = YES;
				INFOPLIST_KEY_UIApplicationSupportsIndirectInputEvents = YES;
				INFOPLIST_KEY_UILaunchScreen_Generation = YES;
				INFOPLIST_KEY_UISupportedInterfaceOrientations_iPad = "UIInterfaceOrientationPortrait UIInterfaceOrientationPortraitUpsideDown UIInterfaceOrientationLandscapeLeft UIInterfaceOrientationLandscapeRight";
				INFOPLIST_KEY_UISupportedInterfaceOrientations_iPhone = "UIInterfaceOrientationPortrait UIInterfaceOrientationLandscapeLeft UIInterfaceOrientationLandscapeRight";
				LD_RUNPATH_SEARCH_PATHS = (
					"$(inherited)",
					"@executable_path/Frameworks",
				);
				MARKETING_VERSION = 1.0;
				PRODUCT_BUNDLE_IDENTIFIER = coba.Landmark;
				PRODUCT_NAME = "$(TARGET_NAME)";
				SWIFT_EMIT_LOC_STRINGS = YES;
				SWIFT_VERSION = 5.0;
				TARGETED_DEVICE_FAMILY = "1,2";
			};
			name = Release;
		};
		53DEC1A52A7D347A00CE2D13 /* Debug */ = {
			isa = XCBuildConfiguration;
			buildSettings = {
				ALWAYS_EMBED_SWIFT_STANDARD_LIBRARIES = YES;
				BUNDLE_LOADER = "$(TEST_HOST)";
				CODE_SIGN_STYLE = Automatic;
				CURRENT_PROJECT_VERSION = 1;
				GENERATE_INFOPLIST_FILE = YES;
				IPHONEOS_DEPLOYMENT_TARGET = 16.2;
				MARKETING_VERSION = 1.0;
				PRODUCT_BUNDLE_IDENTIFIER = coba.LandmarkTests;
				PRODUCT_NAME = "$(TARGET_NAME)";
				SWIFT_EMIT_LOC_STRINGS = NO;
				SWIFT_VERSION = 5.0;
				TARGETED_DEVICE_FAMILY = "1,2";
				TEST_HOST = "$(BUILT_PRODUCTS_DIR)/Landmark.app/$(BUNDLE_EXECUTABLE_FOLDER_PATH)/Landmark";
			};
			name = Debug;
		};
		53DEC1A62A7D347A00CE2D13 /* Release */ = {
			isa = XCBuildConfiguration;
			buildSettings = {
				ALWAYS_EMBED_SWIFT_STANDARD_LIBRARIES = YES;
				BUNDLE_LOADER = "$(TEST_HOST)";
				CODE_SIGN_STYLE = Automatic;
				CURRENT_PROJECT_VERSION = 1;
				GENERATE_INFOPLIST_FILE = YES;
				IPHONEOS_DEPLOYMENT_TARGET = 16.2;
				MARKETING_VERSION = 1.0;
				PRODUCT_BUNDLE_IDENTIFIER = coba.LandmarkTests;
				PRODUCT_NAME = "$(TARGET_NAME)";
				SWIFT_EMIT_LOC_STRINGS = NO;
				SWIFT_VERSION = 5.0;
				TARGETED_DEVICE_FAMILY = "1,2";
				TEST_HOST = "$(BUILT_PRODUCTS_DIR)/Landmark.app/$(BUNDLE_EXECUTABLE_FOLDER_PATH)/Landmark";
			};
			name = Release;
		};
		53DEC1A82A7D347A00CE2D13 /* Debug */ = {
			isa = XCBuildConfiguration;
			buildSettings = {
				ALWAYS_EMBED_SWIFT_STANDARD_LIBRARIES = YES;
				CODE_SIGN_STYLE = Automatic;
				CURRENT_PROJECT_VERSION = 1;
				GENERATE_INFOPLIST_FILE = YES;
				MARKETING_VERSION = 1.0;
				PRODUCT_BUNDLE_IDENTIFIER = coba.LandmarkUITests;
				PRODUCT_NAME = "$(TARGET_NAME)";
				SWIFT_EMIT_LOC_STRINGS = NO;
				SWIFT_VERSION = 5.0;
				TARGETED_DEVICE_FAMILY = "1,2";
				TEST_TARGET_NAME = Landmark;
			};
			name = Debug;
		};
		53DEC1A92A7D347A00CE2D13 /* Release */ = {
			isa = XCBuildConfiguration;
			buildSettings = {
				ALWAYS_EMBED_SWIFT_STANDARD_LIBRARIES = YES;
				CODE_SIGN_STYLE = Automatic;
				CURRENT_PROJECT_VERSION = 1;
				GENERATE_INFOPLIST_FILE = YES;
				MARKETING_VERSION = 1.0;
				PRODUCT_BUNDLE_IDENTIFIER = coba.LandmarkUITests;
				PRODUCT_NAME = "$(TARGET_NAME)";
				SWIFT_EMIT_LOC_STRINGS = NO;
				SWIFT_VERSION = 5.0;
				TARGETED_DEVICE_FAMILY = "1,2";
				TEST_TARGET_NAME = Landmark;
			};
			name = Release;
		};
/* End XCBuildConfiguration section */

/* Begin XCConfigurationList section */
		53DEC1782A7D347800CE2D13 /* Build configuration list for PBXProject "Landmark" */ = {
			isa = XCConfigurationList;
			buildConfigurations = (
				53DEC19F2A7D347A00CE2D13 /* Debug */,
				53DEC1A02A7D347A00CE2D13 /* Release */,
			);
			defaultConfigurationIsVisible = 0;
			defaultConfigurationName = Release;
		};
		53DEC1A12A7D347A00CE2D13 /* Build configuration list for PBXNativeTarget "Landmark" */ = {
			isa = XCConfigurationList;
			buildConfigurations = (
				53DEC1A22A7D347A00CE2D13 /* Debug */,
				53DEC1A32A7D347A00CE2D13 /* Release */,
			);
			defaultConfigurationIsVisible = 0;
			defaultConfigurationName = Release;
		};
		53DEC1A42A7D347A00CE2D13 /* Build configuration list for PBXNativeTarget "LandmarkTests" */ = {
			isa = XCConfigurationList;
			buildConfigurations = (
				53DEC1A52A7D347A00CE2D13 /* Debug */,
				53DEC1A62A7D347A00CE2D13 /* Release */,
			);
			defaultConfigurationIsVisible = 0;
			defaultConfigurationName = Release;
		};
		53DEC1A72A7D347A00CE2D13 /* Build configuration list for PBXNativeTarget "LandmarkUITests" */ = {
			isa = XCConfigurationList;
			buildConfigurations = (
				53DEC1A82A7D347A00CE2D13 /* Debug */,
				53DEC1A92A7D347A00CE2D13 /* Release */,
			);
			defaultConfigurationIsVisible = 0;
			defaultConfigurationName = Release;
		};
/* End XCConfigurationList section */
	};
	rootObject = 53DEC1752A7D347800CE2D13 /* Project object */;
}
